
Microsoft Visual Studio Solution File, Format Version 12.00
# Visual Studio Version 16
VisualStudioVersion = 16.0.31025.194
MinimumVisualStudioVersion = 10.0.40219.1
Project("{FAE04EC0-301F-11D3-BF4B-00C04F79EFBC}") = "Tp2", "Tp2\Tp2.csproj", "{6CAD1D5C-A6C6-4853-AFE5-1CCE930E1DC5}"
EndProject
Global
	GlobalSection(SolutionConfigurationPlatforms) = preSolution
		Debug|Any CPU = Debug|Any CPU
		Release|Any CPU = Release|Any CPU
	EndGlobalSection
	GlobalSection(ProjectConfigurationPlatforms) = postSolution
		{6CAD1D5C-A6C6-4853-AFE5-1CCE930E1DC5}.Debug|Any CPU.ActiveCfg = Debug|Any CPU
		{6CAD1D5C-A6C6-4853-AFE5-1CCE930E1DC5}.Debug|Any CPU.Build.0 = Debug|Any CPU
		{6CAD1D5C-A6C6-4853-AFE5-1CCE930E1DC5}.Release|Any CPU.ActiveCfg = Release|Any CPU
		{6CAD1D5C-A6C6-4853-AFE5-1CCE930E1DC5}.Release|Any CPU.Build.0 = Release|Any CPU
	EndGlobalSection
	GlobalSection(SolutionProperties) = preSolution
		HideSolutionNode = FALSE
	EndGlobalSection
	GlobalSection(ExtensibilityGlobals) = postSolution
		SolutionGuid = {8DAC3690-1052-42B3-B9B9-768D2460A82F}
	EndGlobalSection
EndGlobal
